
Microsoft Visual Studio Solution File, Format Version 12.00
# Visual Studio 2013
VisualStudioVersion = 12.0.30723.0
MinimumVisualStudioVersion = 10.0.40219.1
Project("{FAE04EC0-301F-11D3-BF4B-00C04F79EFBC}") = "Em.UI.Themes", "Em.UI.Themes\Em.UI.Themes.csproj", "{B581D9D0-6247-45D5-BFE3-5E397B3719E1}"
EndProject
Project("{2150E333-8FDC-42A3-9474-1A3956D46DE8}") = "ThemeSample", "ThemeSample", "{2A90CCFC-93EF-4C2B-9C0E-2B583596C875}"
EndProject
Project("{D954291E-2A0B-460D-934E-DC6B0785DB48}") = "ThemeSample.Shared", "ThemeSample\ThemeSample.Shared\ThemeSample.Shared.shproj", "{8163C780-C4A7-4055-96DE-ACC25F350B8E}"
EndProject
Project("{FAE04EC0-301F-11D3-BF4B-00C04F79EFBC}") = "ThemeSample.Windows", "ThemeSample\ThemeSample.Windows\ThemeSample.Windows.csproj", "{DEE33053-081C-43B4-88C5-1537CA53FAF5}"
EndProject
Project("{FAE04EC0-301F-11D3-BF4B-00C04F79EFBC}") = "ThemeSample.WindowsPhone", "ThemeSample\ThemeSample.WindowsPhone\ThemeSample.WindowsPhone.csproj", "{58492A18-F07B-4107-8477-933E6FC35165}"
EndProject
Global
	GlobalSection(SharedMSBuildProjectFiles) = preSolution
		ThemeSample\ThemeSample.Shared\ThemeSample.Shared.projitems*{dee33053-081c-43b4-88c5-1537ca53faf5}*SharedItemsImports = 4
		ThemeSample\ThemeSample.Shared\ThemeSample.Shared.projitems*{8163c780-c4a7-4055-96de-acc25f350b8e}*SharedItemsImports = 13
		ThemeSample\ThemeSample.Shared\ThemeSample.Shared.projitems*{58492a18-f07b-4107-8477-933e6fc35165}*SharedItemsImports = 4
	EndGlobalSection
	GlobalSection(SolutionConfigurationPlatforms) = preSolution
		Debug|Any CPU = Debug|Any CPU
		Debug|ARM = Debug|ARM
		Debug|x64 = Debug|x64
		Debug|x86 = Debug|x86
		Release|Any CPU = Release|Any CPU
		Release|ARM = Release|ARM
		Release|x64 = Release|x64
		Release|x86 = Release|x86
	EndGlobalSection
	GlobalSection(ProjectConfigurationPlatforms) = postSolution
		{B581D9D0-6247-45D5-BFE3-5E397B3719E1}.Debug|Any CPU.ActiveCfg = Debug|Any CPU
		{B581D9D0-6247-45D5-BFE3-5E397B3719E1}.Debug|Any CPU.Build.0 = Debug|Any CPU
		{B581D9D0-6247-45D5-BFE3-5E397B3719E1}.Debug|ARM.ActiveCfg = Debug|Any CPU
		{B581D9D0-6247-45D5-BFE3-5E397B3719E1}.Debug|x64.ActiveCfg = Debug|Any CPU
		{B581D9D0-6247-45D5-BFE3-5E397B3719E1}.Debug|x86.ActiveCfg = Debug|Any CPU
		{B581D9D0-6247-45D5-BFE3-5E397B3719E1}.Release|Any CPU.ActiveCfg = Release|Any CPU
		{B581D9D0-6247-45D5-BFE3-5E397B3719E1}.Release|Any CPU.Build.0 = Release|Any CPU
		{B581D9D0-6247-45D5-BFE3-5E397B3719E1}.Release|ARM.ActiveCfg = Release|Any CPU
		{B581D9D0-6247-45D5-BFE3-5E397B3719E1}.Release|x64.ActiveCfg = Release|Any CPU
		{B581D9D0-6247-45D5-BFE3-5E397B3719E1}.Release|x86.ActiveCfg = Release|Any CPU
		{DEE33053-081C-43B4-88C5-1537CA53FAF5}.Debug|Any CPU.ActiveCfg = Debug|Any CPU
		{DEE33053-081C-43B4-88C5-1537CA53FAF5}.Debug|Any CPU.Build.0 = Debug|Any CPU
		{DEE33053-081C-43B4-88C5-1537CA53FAF5}.Debug|Any CPU.Deploy.0 = Debug|Any CPU
		{DEE33053-081C-43B4-88C5-1537CA53FAF5}.Debug|ARM.ActiveCfg = Debug|ARM
		{DEE33053-081C-43B4-88C5-1537CA53FAF5}.Debug|ARM.Build.0 = Debug|ARM
		{DEE33053-081C-43B4-88C5-1537CA53FAF5}.Debug|ARM.Deploy.0 = Debug|ARM
		{DEE33053-081C-43B4-88C5-1537CA53FAF5}.Debug|x64.ActiveCfg = Debug|x64
		{DEE33053-081C-43B4-88C5-1537CA53FAF5}.Debug|x64.Build.0 = Debug|x64
		{DEE33053-081C-43B4-88C5-1537CA53FAF5}.Debug|x64.Deploy.0 = Debug|x64
		{DEE33053-081C-43B4-88C5-1537CA53FAF5}.Debug|x86.ActiveCfg = Debug|x86
		{DEE33053-081C-43B4-88C5-1537CA53FAF5}.Debug|x86.Build.0 = Debug|x86
		{DEE33053-081C-43B4-88C5-1537CA53FAF5}.Debug|x86.Deploy.0 = Debug|x86
		{DEE33053-081C-43B4-88C5-1537CA53FAF5}.Release|Any CPU.ActiveCfg = Release|Any CPU
		{DEE33053-081C-43B4-88C5-1537CA53FAF5}.Release|Any CPU.Build.0 = Release|Any CPU
		{DEE33053-081C-43B4-88C5-1537CA53FAF5}.Release|Any CPU.Deploy.0 = Release|Any CPU
		{DEE33053-081C-43B4-88C5-1537CA53FAF5}.Release|ARM.ActiveCfg = Release|ARM
		{DEE33053-081C-43B4-88C5-1537CA53FAF5}.Release|ARM.Build.0 = Release|ARM
		{DEE33053-081C-43B4-88C5-1537CA53FAF5}.Release|ARM.Deploy.0 = Release|ARM
		{DEE33053-081C-43B4-88C5-1537CA53FAF5}.Release|x64.ActiveCfg = Release|x64
		{DEE33053-081C-43B4-88C5-1537CA53FAF5}.Release|x64.Build.0 = Release|x64
		{DEE33053-081C-43B4-88C5-1537CA53FAF5}.Release|x64.Deploy.0 = Release|x64
		{DEE33053-081C-43B4-88C5-1537CA53FAF5}.Release|x86.ActiveCfg = Release|x86
		{DEE33053-081C-43B4-88C5-1537CA53FAF5}.Release|x86.Build.0 = Release|x86
		{DEE33053-081C-43B4-88C5-1537CA53FAF5}.Release|x86.Deploy.0 = Release|x86
		{58492A18-F07B-4107-8477-933E6FC35165}.Debug|Any CPU.ActiveCfg = Debug|Any CPU
		{58492A18-F07B-4107-8477-933E6FC35165}.Debug|Any CPU.Build.0 = Debug|Any CPU
		{58492A18-F07B-4107-8477-933E6FC35165}.Debug|Any CPU.Deploy.0 = Debug|Any CPU
		{58492A18-F07B-4107-8477-933E6FC35165}.Debug|ARM.ActiveCfg = Debug|ARM
		{58492A18-F07B-4107-8477-933E6FC35165}.Debug|ARM.Build.0 = Debug|ARM
		{58492A18-F07B-4107-8477-933E6FC35165}.Debug|ARM.Deploy.0 = Debug|ARM
		{58492A18-F07B-4107-8477-933E6FC35165}.Debug|x64.ActiveCfg = Debug|Any CPU
		{58492A18-F07B-4107-8477-933E6FC35165}.Debug|x86.ActiveCfg = Debug|x86
		{58492A18-F07B-4107-8477-933E6FC35165}.Debug|x86.Build.0 = Debug|x86
		{58492A18-F07B-4107-8477-933E6FC35165}.Debug|x86.Deploy.0 = Debug|x86
		{58492A18-F07B-4107-8477-933E6FC35165}.Release|Any CPU.ActiveCfg = Release|Any CPU
		{58492A18-F07B-4107-8477-933E6FC35165}.Release|Any CPU.Build.0 = Release|Any CPU
		{58492A18-F07B-4107-8477-933E6FC35165}.Release|Any CPU.Deploy.0 = Release|Any CPU
		{58492A18-F07B-4107-8477-933E6FC35165}.Release|ARM.ActiveCfg = Release|ARM
		{58492A18-F07B-4107-8477-933E6FC35165}.Release|ARM.Build.0 = Release|ARM
		{58492A18-F07B-4107-8477-933E6FC35165}.Release|ARM.Deploy.0 = Release|ARM
		{58492A18-F07B-4107-8477-933E6FC35165}.Release|x64.ActiveCfg = Release|Any CPU
		{58492A18-F07B-4107-8477-933E6FC35165}.Release|x86.ActiveCfg = Release|x86
		{58492A18-F07B-4107-8477-933E6FC35165}.Release|x86.Build.0 = Release|x86
		{58492A18-F07B-4107-8477-933E6FC35165}.Release|x86.Deploy.0 = Release|x86
	EndGlobalSection
	GlobalSection(SolutionProperties) = preSolution
		HideSolutionNode = FALSE
	EndGlobalSection
	GlobalSection(NestedProjects) = preSolution
		{8163C780-C4A7-4055-96DE-ACC25F350B8E} = {2A90CCFC-93EF-4C2B-9C0E-2B583596C875}
		{DEE33053-081C-43B4-88C5-1537CA53FAF5} = {2A90CCFC-93EF-4C2B-9C0E-2B583596C875}
		{58492A18-F07B-4107-8477-933E6FC35165} = {2A90CCFC-93EF-4C2B-9C0E-2B583596C875}
	EndGlobalSection
EndGlobal
